
Microsoft Visual Studio Solution File, Format Version 11.00
# Visual Studio 2010
# SharpDevelop 4.4
Project("{12B76EC0-1D7B-4FA7-A7D0-C524288B48A1}") = "Mnemosyne", "Mnemosyne\Mnemosyne.ilproj", "{D80B3419-AE6B-44BB-8494-276E8513DAA2}"
EndProject
Project("{FAE04EC0-301F-11D3-BF4B-00C04F79EFBC}") = "Tests", "Tests\Tests.csproj", "{0AFEC763-B9EC-44CB-8BFC-7F358B59F9BF}"
EndProject
Global
	GlobalSection(SolutionConfigurationPlatforms) = preSolution
		Debug|x86 = Debug|x86
		Release|x86 = Release|x86
		Debug|Any CPU = Debug|Any CPU
		Release|Any CPU = Release|Any CPU
		Debug|x86-64 = Debug|x86-64
		Release|x86-64 = Release|x86-64
	EndGlobalSection
	GlobalSection(ProjectConfigurationPlatforms) = postSolution
		{0AFEC763-B9EC-44CB-8BFC-7F358B59F9BF}.Debug|Any CPU.ActiveCfg = Debug|Any CPU
		{0AFEC763-B9EC-44CB-8BFC-7F358B59F9BF}.Debug|Any CPU.Build.0 = Debug|Any CPU
		{0AFEC763-B9EC-44CB-8BFC-7F358B59F9BF}.Debug|x86.ActiveCfg = Debug|x86
		{0AFEC763-B9EC-44CB-8BFC-7F358B59F9BF}.Debug|x86.Build.0 = Debug|x86
		{0AFEC763-B9EC-44CB-8BFC-7F358B59F9BF}.Debug|x86-64.ActiveCfg = Debug|x86-64
		{0AFEC763-B9EC-44CB-8BFC-7F358B59F9BF}.Debug|x86-64.Build.0 = Debug|x86-64
		{0AFEC763-B9EC-44CB-8BFC-7F358B59F9BF}.Release|Any CPU.ActiveCfg = Release|Any CPU
		{0AFEC763-B9EC-44CB-8BFC-7F358B59F9BF}.Release|Any CPU.Build.0 = Release|Any CPU
		{0AFEC763-B9EC-44CB-8BFC-7F358B59F9BF}.Release|x86.ActiveCfg = Release|x86
		{0AFEC763-B9EC-44CB-8BFC-7F358B59F9BF}.Release|x86.Build.0 = Release|x86
		{0AFEC763-B9EC-44CB-8BFC-7F358B59F9BF}.Release|x86-64.ActiveCfg = Release|x86-64
		{0AFEC763-B9EC-44CB-8BFC-7F358B59F9BF}.Release|x86-64.Build.0 = Release|x86-64
		{D80B3419-AE6B-44BB-8494-276E8513DAA2}.Debug|Any CPU.ActiveCfg = Release|Any CPU
		{D80B3419-AE6B-44BB-8494-276E8513DAA2}.Debug|Any CPU.Build.0 = Release|Any CPU
		{D80B3419-AE6B-44BB-8494-276E8513DAA2}.Debug|x86.ActiveCfg = Release|Any CPU
		{D80B3419-AE6B-44BB-8494-276E8513DAA2}.Debug|x86.Build.0 = Release|Any CPU
		{D80B3419-AE6B-44BB-8494-276E8513DAA2}.Debug|x86-64.ActiveCfg = Release|Any CPU
		{D80B3419-AE6B-44BB-8494-276E8513DAA2}.Debug|x86-64.Build.0 = Release|Any CPU
		{D80B3419-AE6B-44BB-8494-276E8513DAA2}.Release|Any CPU.ActiveCfg = Release|Any CPU
		{D80B3419-AE6B-44BB-8494-276E8513DAA2}.Release|Any CPU.Build.0 = Release|Any CPU
		{D80B3419-AE6B-44BB-8494-276E8513DAA2}.Release|x86.ActiveCfg = Release|Any CPU
		{D80B3419-AE6B-44BB-8494-276E8513DAA2}.Release|x86.Build.0 = Release|Any CPU
		{D80B3419-AE6B-44BB-8494-276E8513DAA2}.Release|x86-64.ActiveCfg = Release|Any CPU
		{D80B3419-AE6B-44BB-8494-276E8513DAA2}.Release|x86-64.Build.0 = Release|Any CPU
	EndGlobalSection
	GlobalSection(MonoDevelopProperties) = preSolution
		StartupItem = Mnemosyne\Mnemosyne.ilproj
		Policies = $0
		$0.TextStylePolicy = $1
		$1.inheritsSet = null
		$1.scope = text/x-ilasm
		$0.TextStylePolicy = $2
		$2.FileWidth = 120
		$2.NoTabsAfterNonTabs = True
		$2.EolMarker = Unix
		$2.inheritsSet = VisualStudio
		$2.inheritsScope = text/plain
		$2.scope = text/plain
		$0.StandardHeader = $3
		$3.Text = @${FileName}\n\nAuthor:\n    ${AuthorName} <${AuthorEmail}>\n\n© 2014-${Year} ${CopyrightHolder}\n\nLicensed under the MIT license. See the LICENSE file in the repository root for more details.
		$3.IncludeInNewFiles = True
		$0.NameConventionPolicy = $4
		$4.Rules = $5
		$5.NamingRule = $6
		$6.Name = Namespaces
		$6.AffectedEntity = Namespace
		$6.VisibilityMask = VisibilityMask
		$6.NamingStyle = PascalCase
		$6.IncludeInstanceMembers = True
		$6.IncludeStaticEntities = True
		$5.NamingRule = $7
		$7.Name = Types
		$7.AffectedEntity = Class, Struct, Enum, Delegate
		$7.VisibilityMask = VisibilityMask
		$7.NamingStyle = PascalCase
		$7.IncludeInstanceMembers = True
		$7.IncludeStaticEntities = True
		$5.NamingRule = $8
		$8.Name = Interfaces
		$8.RequiredPrefixes = $9
		$9.String = I
		$8.AffectedEntity = Interface
		$8.VisibilityMask = VisibilityMask
		$8.NamingStyle = PascalCase
		$8.IncludeInstanceMembers = True
		$8.IncludeStaticEntities = True
		$5.NamingRule = $10
		$10.Name = Attributes
		$10.RequiredSuffixes = $11
		$11.String = Attribute
		$10.AffectedEntity = CustomAttributes
		$10.VisibilityMask = VisibilityMask
		$10.NamingStyle = PascalCase
		$10.IncludeInstanceMembers = True
		$10.IncludeStaticEntities = True
		$5.NamingRule = $12
		$12.Name = Event Arguments
		$12.RequiredSuffixes = $13
		$13.String = EventArgs
		$12.AffectedEntity = CustomEventArgs
		$12.VisibilityMask = VisibilityMask
		$12.NamingStyle = PascalCase
		$12.IncludeInstanceMembers = True
		$12.IncludeStaticEntities = True
		$5.NamingRule = $14
		$14.Name = Exceptions
		$14.RequiredSuffixes = $15
		$15.String = Exception
		$14.AffectedEntity = CustomExceptions
		$14.VisibilityMask = VisibilityMask
		$14.NamingStyle = PascalCase
		$14.IncludeInstanceMembers = True
		$14.IncludeStaticEntities = True
		$5.NamingRule = $16
		$16.Name = Methods
		$16.AffectedEntity = Methods
		$16.VisibilityMask = VisibilityMask
		$16.NamingStyle = PascalCase
		$16.IncludeInstanceMembers = True
		$16.IncludeStaticEntities = True
		$5.NamingRule = $17
		$17.Name = Static Readonly Fields
		$17.AffectedEntity = ReadonlyField
		$17.VisibilityMask = Internal, Protected, Public
		$17.NamingStyle = PascalCase
		$17.IncludeInstanceMembers = False
		$17.IncludeStaticEntities = True
		$5.NamingRule = $18
		$18.Name = Fields (Non Private)
		$18.AffectedEntity = Field
		$18.VisibilityMask = Internal, Protected, Public
		$18.NamingStyle = PascalCase
		$18.IncludeInstanceMembers = True
		$18.IncludeStaticEntities = True
		$5.NamingRule = $19
		$19.Name = ReadOnly Fields (Non Private)
		$19.AffectedEntity = ReadonlyField
		$19.VisibilityMask = Internal, Protected, Public
		$19.NamingStyle = PascalCase
		$19.IncludeInstanceMembers = True
		$19.IncludeStaticEntities = False
		$5.NamingRule = $20
		$20.Name = Fields (Private)
		$20.RequiredPrefixes = $21
		$21.String = _
		$20.AffectedEntity = Field, ReadonlyField
		$20.VisibilityMask = Private
		$20.NamingStyle = CamelCase
		$20.IncludeInstanceMembers = True
		$20.IncludeStaticEntities = False
		$5.NamingRule = $22
		$22.Name = Static Fields (Private)
		$22.RequiredPrefixes = $23
		$23.String = _
		$22.AffectedEntity = Field
		$22.VisibilityMask = Private
		$22.NamingStyle = CamelCase
		$22.IncludeInstanceMembers = False
		$22.IncludeStaticEntities = True
		$5.NamingRule = $24
		$24.Name = ReadOnly Fields (Private)
		$24.RequiredPrefixes = $25
		$25.String = _
		$24.AffectedEntity = ReadonlyField
		$24.VisibilityMask = Private
		$24.NamingStyle = CamelCase
		$24.IncludeInstanceMembers = True
		$24.IncludeStaticEntities = False
		$5.NamingRule = $26
		$26.Name = Constant Fields
		$26.AffectedEntity = ConstantField
		$26.VisibilityMask = VisibilityMask
		$26.NamingStyle = PascalCase
		$26.IncludeInstanceMembers = True
		$26.IncludeStaticEntities = True
		$5.NamingRule = $27
		$27.Name = Properties
		$27.AffectedEntity = Property
		$27.VisibilityMask = VisibilityMask
		$27.NamingStyle = PascalCase
		$27.IncludeInstanceMembers = True
		$27.IncludeStaticEntities = True
		$5.NamingRule = $28
		$28.Name = Events
		$28.AffectedEntity = Event
		$28.VisibilityMask = VisibilityMask
		$28.NamingStyle = PascalCase
		$28.IncludeInstanceMembers = True
		$28.IncludeStaticEntities = True
		$5.NamingRule = $29
		$29.Name = Enum Members
		$29.AffectedEntity = EnumMember
		$29.VisibilityMask = VisibilityMask
		$29.NamingStyle = PascalCase
		$29.IncludeInstanceMembers = True
		$29.IncludeStaticEntities = True
		$5.NamingRule = $30
		$30.Name = Parameters
		$30.AffectedEntity = Parameter
		$30.VisibilityMask = VisibilityMask
		$30.NamingStyle = CamelCase
		$30.IncludeInstanceMembers = True
		$30.IncludeStaticEntities = True
		$5.NamingRule = $31
		$31.Name = Type Parameters
		$31.RequiredPrefixes = $32
		$32.String = T
		$31.AffectedEntity = TypeParameter
		$31.VisibilityMask = VisibilityMask
		$31.NamingStyle = PascalCase
		$31.IncludeInstanceMembers = True
		$31.IncludeStaticEntities = True
		$0.VersionControlPolicy = $33
		$33.CommitMessageStyle = $34
		$34.FileSeparator = ", "
		$34.Wrap = False
		$33.inheritsSet = Mono
		$0.ChangeLogPolicy = $35
		$35.UpdateMode = None
		$35.MessageStyle = $36
		$36.LineAlign = 0
		$35.inheritsSet = Mono
		$0.TextStylePolicy = $37
		$37.inheritsSet = null
		$37.scope = application/t4-template
		$0.TextStylePolicy = $38
		$38.inheritsSet = null
		$38.scope = text/x-csharp
		$0.CSharpFormattingPolicy = $39
		$39.AfterDelegateDeclarationParameterComma = True
		$39.inheritsSet = Mono
		$39.inheritsScope = text/x-csharp
		$39.scope = text/x-csharp
		$0.TextStylePolicy = $40
		$40.inheritsSet = null
		$40.scope = application/config+xml
		$0.XmlFormattingPolicy = $41
		$41.inheritsSet = null
		$41.scope = application/config+xml
		$0.TextStylePolicy = $42
		$42.inheritsSet = null
		$42.scope = application/xml
		$0.XmlFormattingPolicy = $43
		$43.inheritsSet = Mono
		$43.inheritsScope = application/xml
		$43.scope = application/xml
		version = 1.0.0.1
	EndGlobalSection
EndGlobal
